
Microsoft Visual Studio Solution File, Format Version 12.00
# Visual Studio Version 17
VisualStudioVersion = 17.3.32819.101
MinimumVisualStudioVersion = 10.0.40219.1
Project("{9A19103F-16F7-4668-BE54-9A1E7A4F7556}") = "ToDoList", "ToDoList\ToDoList.csproj", "{8B940B48-3B67-4A6C-ADB8-FCC2E05378E1}"
EndProject
Project("{9A19103F-16F7-4668-BE54-9A1E7A4F7556}") = "ToDoList.Infrastructure.Data", "ToDoList.Infrastructure.Data\ToDoList.Infrastructure.Data.csproj", "{88BA9871-01C6-4F5F-93C0-D05DC7B6F270}"
EndProject
Project("{FAE04EC0-301F-11D3-BF4B-00C04F79EFBC}") = "ToDoList.Test", "ToDoList.Test\ToDoList.Test.csproj", "{50E31F93-00F5-41ED-A1D5-CA06F85F0484}"
EndProject
Global
	GlobalSection(SolutionConfigurationPlatforms) = preSolution
		Debug|Any CPU = Debug|Any CPU
		Release|Any CPU = Release|Any CPU
	EndGlobalSection
	GlobalSection(ProjectConfigurationPlatforms) = postSolution
		{8B940B48-3B67-4A6C-ADB8-FCC2E05378E1}.Debug|Any CPU.ActiveCfg = Debug|Any CPU
		{8B940B48-3B67-4A6C-ADB8-FCC2E05378E1}.Debug|Any CPU.Build.0 = Debug|Any CPU
		{8B940B48-3B67-4A6C-ADB8-FCC2E05378E1}.Release|Any CPU.ActiveCfg = Release|Any CPU
		{8B940B48-3B67-4A6C-ADB8-FCC2E05378E1}.Release|Any CPU.Build.0 = Release|Any CPU
		{88BA9871-01C6-4F5F-93C0-D05DC7B6F270}.Debug|Any CPU.ActiveCfg = Debug|Any CPU
		{88BA9871-01C6-4F5F-93C0-D05DC7B6F270}.Debug|Any CPU.Build.0 = Debug|Any CPU
		{88BA9871-01C6-4F5F-93C0-D05DC7B6F270}.Release|Any CPU.ActiveCfg = Release|Any CPU
		{88BA9871-01C6-4F5F-93C0-D05DC7B6F270}.Release|Any CPU.Build.0 = Release|Any CPU
		{50E31F93-00F5-41ED-A1D5-CA06F85F0484}.Debug|Any CPU.ActiveCfg = Debug|Any CPU
		{50E31F93-00F5-41ED-A1D5-CA06F85F0484}.Debug|Any CPU.Build.0 = Debug|Any CPU
		{50E31F93-00F5-41ED-A1D5-CA06F85F0484}.Release|Any CPU.ActiveCfg = Release|Any CPU
		{50E31F93-00F5-41ED-A1D5-CA06F85F0484}.Release|Any CPU.Build.0 = Release|Any CPU
	EndGlobalSection
	GlobalSection(SolutionProperties) = preSolution
		HideSolutionNode = FALSE
	EndGlobalSection
	GlobalSection(ExtensibilityGlobals) = postSolution
		SolutionGuid = {D553E602-1D9F-46AD-BB5C-B4FBF1389CFA}
	EndGlobalSection
EndGlobal
